// !$*UTF8*$!
{
	archiveVersion = 1;
	classes = {
	};
	objectVersion = 50;
	objects = {

/* Begin PBXBuildFile section */
		A5AFB5A7CA908BE5E2EA1917 /* Pods_LittleGPUImageDemo.framework in Frameworks */ = {isa = PBXBuildFile; fileRef = E3472763EA7CFEEA42AC3D2E /* Pods_LittleGPUImageDemo.framework */; };
		E7E7BC86224CB3970079470E /* AppDelegate.swift in Sources */ = {isa = PBXBuildFile; fileRef = E7E7BC85224CB3970079470E /* AppDelegate.swift */; };
		E7E7BC88224CB3970079470E /* LGFViewController.swift in Sources */ = {isa = PBXBuildFile; fileRef = E7E7BC87224CB3970079470E /* LGFViewController.swift */; };
		E7E7BC8D224CB3980079470E /* Assets.xcassets in Resources */ = {isa = PBXBuildFile; fileRef = E7E7BC8C224CB3980079470E /* Assets.xcassets */; };
		E7E7BC90224CB3980079470E /* LaunchScreen.storyboard in Resources */ = {isa = PBXBuildFile; fileRef = E7E7BC8E224CB3980079470E /* LaunchScreen.storyboard */; };
		E7E7BC9B224CB3980079470E /* LittleGPUImageDemoTests.swift in Sources */ = {isa = PBXBuildFile; fileRef = E7E7BC9A224CB3980079470E /* LittleGPUImageDemoTests.swift */; };
		E7E7BCA6224CB3980079470E /* LittleGPUImageDemoUITests.swift in Sources */ = {isa = PBXBuildFile; fileRef = E7E7BCA5224CB3980079470E /* LittleGPUImageDemoUITests.swift */; };
		E7E7BCB4224CBB2B0079470E /* LGFNavgationViewController.swift in Sources */ = {isa = PBXBuildFile; fileRef = E7E7BCB3224CBB2B0079470E /* LGFNavgationViewController.swift */; };
		E7E7BCB6224CBB520079470E /* LGFTestViewController.swift in Sources */ = {isa = PBXBuildFile; fileRef = E7E7BCB5224CBB520079470E /* LGFTestViewController.swift */; };
		E7E7BCB9224CC0210079470E /* WID-small.jpg in Resources */ = {isa = PBXBuildFile; fileRef = E7E7BCB7224CC0210079470E /* WID-small.jpg */; };
		E7E7BCBA224CC0210079470E /* splash.png in Resources */ = {isa = PBXBuildFile; fileRef = E7E7BCB8224CC0210079470E /* splash.png */; };
		E7E7BCDD224CC0340079470E /* vivid_20170620.png in Resources */ = {isa = PBXBuildFile; fileRef = E7E7BCBC224CC0340079470E /* vivid_20170620.png */; };
		E7E7BCDE224CC0340079470E /* crisp_20170520.png in Resources */ = {isa = PBXBuildFile; fileRef = E7E7BCBD224CC0340079470E /* crisp_20170520.png */; };
		E7E7BCDF224CC0340079470E /* jiari_20170928.png in Resources */ = {isa = PBXBuildFile; fileRef = E7E7BCBE224CC0340079470E /* jiari_20170928.png */; };
		E7E7BCE0224CC0340079470E /* xinxian_20170928.png in Resources */ = {isa = PBXBuildFile; fileRef = E7E7BCBF224CC0340079470E /* xinxian_20170928.png */; };
		E7E7BCE1224CC0340079470E /* sweety_20170620-2.png in Resources */ = {isa = PBXBuildFile; fileRef = E7E7BCC0224CC0340079470E /* sweety_20170620-2.png */; };
		E7E7BCE2224CC0340079470E /* tianmei_20170928.png in Resources */ = {isa = PBXBuildFile; fileRef = E7E7BCC1224CC0340079470E /* tianmei_20170928.png */; };
		E7E7BCE3224CC0340079470E /* vintage_20170520.png in Resources */ = {isa = PBXBuildFile; fileRef = E7E7BCC2224CC0340079470E /* vintage_20170520.png */; };
		E7E7BCE4224CC0340079470E /* musi_20170928.png in Resources */ = {isa = PBXBuildFile; fileRef = E7E7BCC3224CC0340079470E /* musi_20170928.png */; };
		E7E7BCE5224CC0340079470E /* origin_20170824.png in Resources */ = {isa = PBXBuildFile; fileRef = E7E7BCC4224CC0340079470E /* origin_20170824.png */; };
		E7E7BCE6224CC0340079470E /* nature_20170824.png in Resources */ = {isa = PBXBuildFile; fileRef = E7E7BCC5224CC0340079470E /* nature_20170824.png */; };
		E7E7BCE7224CC0340079470E /* sweety_20170620.png in Resources */ = {isa = PBXBuildFile; fileRef = E7E7BCC6224CC0340079470E /* sweety_20170620.png */; };
		E7E7BCE8224CC0340079470E /* lookup_amatorka.png in Resources */ = {isa = PBXBuildFile; fileRef = E7E7BCC7224CC0340079470E /* lookup_amatorka.png */; };
		E7E7BCE9224CC0340079470E /* clean_lookup.png in Resources */ = {isa = PBXBuildFile; fileRef = E7E7BCC8224CC0340079470E /* clean_lookup.png */; };
		E7E7BCEA224CC0340079470E /* beach_20170520.png in Resources */ = {isa = PBXBuildFile; fileRef = E7E7BCC9224CC0340079470E /* beach_20170520.png */; };
		E7E7BCEB224CC0340079470E /* coral_20170620.png in Resources */ = {isa = PBXBuildFile; fileRef = E7E7BCCA224CC0340079470E /* coral_20170620.png */; };
		E7E7BCEC224CC0340079470E /* meiwei_20170928.png in Resources */ = {isa = PBXBuildFile; fileRef = E7E7BCCB224CC0340079470E /* meiwei_20170928.png */; };
		E7E7BCED224CC0340079470E /* bingqilin_20170928.png in Resources */ = {isa = PBXBuildFile; fileRef = E7E7BCCC224CC0340079470E /* bingqilin_20170928.png */; };
		E7E7BCEE224CC0340079470E /* fresh_20170620.png in Resources */ = {isa = PBXBuildFile; fileRef = E7E7BCCD224CC0340079470E /* fresh_20170620.png */; };
		E7E7BCEF224CC0340079470E /* lolita_20170620.png in Resources */ = {isa = PBXBuildFile; fileRef = E7E7BCCE224CC0340079470E /* lolita_20170620.png */; };
		E7E7BCF0224CC0340079470E /* clean_20170807.png in Resources */ = {isa = PBXBuildFile; fileRef = E7E7BCCF224CC0340079470E /* clean_20170807.png */; };
		E7E7BCF1224CC0340079470E /* chulian_20170928.png in Resources */ = {isa = PBXBuildFile; fileRef = E7E7BCD0224CC0340079470E /* chulian_20170928.png */; };
		E7E7BCF2224CC0340079470E /* jugeng_20170928.png in Resources */ = {isa = PBXBuildFile; fileRef = E7E7BCD1224CC0340079470E /* jugeng_20170928.png */; };
		E7E7BCF3224CC0340079470E /* kisskiss_20170620.png in Resources */ = {isa = PBXBuildFile; fileRef = E7E7BCD2224CC0340079470E /* kisskiss_20170620.png */; };
		E7E7BCF4224CC0340079470E /* yuanqi_20170928.png in Resources */ = {isa = PBXBuildFile; fileRef = E7E7BCD3224CC0340079470E /* yuanqi_20170928.png */; };
		E7E7BCF5224CC0340079470E /* pink_20170928.png in Resources */ = {isa = PBXBuildFile; fileRef = E7E7BCD4224CC0340079470E /* pink_20170928.png */; };
		E7E7BCF6224CC0340079470E /* makalong_20170928.png in Resources */ = {isa = PBXBuildFile; fileRef = E7E7BCD5224CC0340079470E /* makalong_20170928.png */; };
		E7E7BCF7224CC0340079470E /* sunset_20170620.png in Resources */ = {isa = PBXBuildFile; fileRef = E7E7BCD6224CC0340079470E /* sunset_20170620.png */; };
		E7E7BCF8224CC0340079470E /* yangqi_20170928.png in Resources */ = {isa = PBXBuildFile; fileRef = E7E7BCD7224CC0340079470E /* yangqi_20170928.png */; };
		E7E7BCF9224CC0340079470E /* grass_20170621.png in Resources */ = {isa = PBXBuildFile; fileRef = E7E7BCD8224CC0340079470E /* grass_20170621.png */; };
		E7E7BCFA224CC0340079470E /* urban_20170520.png in Resources */ = {isa = PBXBuildFile; fileRef = E7E7BCD9224CC0340079470E /* urban_20170520.png */; };
		E7E7BCFB224CC0340079470E /* glossy_20170928.png in Resources */ = {isa = PBXBuildFile; fileRef = E7E7BCDA224CC0340079470E /* glossy_20170928.png */; };
		E7E7BCFC224CC0340079470E /* lookup_miss_etikate.png in Resources */ = {isa = PBXBuildFile; fileRef = E7E7BCDB224CC0340079470E /* lookup_miss_etikate.png */; };
		E7E7BCFD224CC0340079470E /* xiaosenlin_20170928_2.png in Resources */ = {isa = PBXBuildFile; fileRef = E7E7BCDC224CC0340079470E /* xiaosenlin_20170928_2.png */; };
		E7E7BCFF224CC8A20079470E /* LGFCaremViewController.swift in Sources */ = {isa = PBXBuildFile; fileRef = E7E7BCFE224CC8A20079470E /* LGFCaremViewController.swift */; };
/* End PBXBuildFile section */

/* Begin PBXContainerItemProxy section */
		E7E7BC97224CB3980079470E /* PBXContainerItemProxy */ = {
			isa = PBXContainerItemProxy;
			containerPortal = E7E7BC7A224CB3970079470E /* Project object */;
			proxyType = 1;
			remoteGlobalIDString = E7E7BC81224CB3970079470E;
			remoteInfo = LittleGPUImageDemo;
		};
		E7E7BCA2224CB3980079470E /* PBXContainerItemProxy */ = {
			isa = PBXContainerItemProxy;
			containerPortal = E7E7BC7A224CB3970079470E /* Project object */;
			proxyType = 1;
			remoteGlobalIDString = E7E7BC81224CB3970079470E;
			remoteInfo = LittleGPUImageDemo;
		};
/* End PBXContainerItemProxy section */

/* Begin PBXFileReference section */
		0217EB69138611F5EFF69BD3 /* Pods-LittleGPUImageDemo.debug.xcconfig */ = {isa = PBXFileReference; includeInIndex = 1; lastKnownFileType = text.xcconfig; name = "Pods-LittleGPUImageDemo.debug.xcconfig"; path = "Target Support Files/Pods-LittleGPUImageDemo/Pods-LittleGPUImageDemo.debug.xcconfig"; sourceTree = "<group>"; };
		125AA69036132742DFBD105F /* Pods_LittleGPUImageDemoTests.framework */ = {isa = PBXFileReference; explicitFileType = wrapper.framework; includeInIndex = 0; path = Pods_LittleGPUImageDemoTests.framework; sourceTree = BUILT_PRODUCTS_DIR; };
		2310C1D31AC5F3ED2C53963D /* Pods-LittleGPUImageDemo.release.xcconfig */ = {isa = PBXFileReference; includeInIndex = 1; lastKnownFileType = text.xcconfig; name = "Pods-LittleGPUImageDemo.release.xcconfig"; path = "Target Support Files/Pods-LittleGPUImageDemo/Pods-LittleGPUImageDemo.release.xcconfig"; sourceTree = "<group>"; };
		2FC489679126F468E2A502FB /* Pods_LittleGPUImageDemoUITests.framework */ = {isa = PBXFileReference; explicitFileType = wrapper.framework; includeInIndex = 0; path = Pods_LittleGPUImageDemoUITests.framework; sourceTree = BUILT_PRODUCTS_DIR; };
		E3472763EA7CFEEA42AC3D2E /* Pods_LittleGPUImageDemo.framework */ = {isa = PBXFileReference; explicitFileType = wrapper.framework; includeInIndex = 0; path = Pods_LittleGPUImageDemo.framework; sourceTree = BUILT_PRODUCTS_DIR; };
		E7E7BC82224CB3970079470E /* LittleGPUImageDemo.app */ = {isa = PBXFileReference; explicitFileType = wrapper.application; includeInIndex = 0; path = LittleGPUImageDemo.app; sourceTree = BUILT_PRODUCTS_DIR; };
		E7E7BC85224CB3970079470E /* AppDelegate.swift */ = {isa = PBXFileReference; lastKnownFileType = sourcecode.swift; path = AppDelegate.swift; sourceTree = "<group>"; };
		E7E7BC87224CB3970079470E /* LGFViewController.swift */ = {isa = PBXFileReference; lastKnownFileType = sourcecode.swift; path = LGFViewController.swift; sourceTree = "<group>"; };
		E7E7BC8C224CB3980079470E /* Assets.xcassets */ = {isa = PBXFileReference; lastKnownFileType = folder.assetcatalog; path = Assets.xcassets; sourceTree = "<group>"; };
		E7E7BC8F224CB3980079470E /* Base */ = {isa = PBXFileReference; lastKnownFileType = file.storyboard; name = Base; path = Base.lproj/LaunchScreen.storyboard; sourceTree = "<group>"; };
		E7E7BC91224CB3980079470E /* Info.plist */ = {isa = PBXFileReference; lastKnownFileType = text.plist.xml; path = Info.plist; sourceTree = "<group>"; };
		E7E7BC96224CB3980079470E /* LittleGPUImageDemoTests.xctest */ = {isa = PBXFileReference; explicitFileType = wrapper.cfbundle; includeInIndex = 0; path = LittleGPUImageDemoTests.xctest; sourceTree = BUILT_PRODUCTS_DIR; };
		E7E7BC9A224CB3980079470E /* LittleGPUImageDemoTests.swift */ = {isa = PBXFileReference; lastKnownFileType = sourcecode.swift; path = LittleGPUImageDemoTests.swift; sourceTree = "<group>"; };
		E7E7BC9C224CB3980079470E /* Info.plist */ = {isa = PBXFileReference; lastKnownFileType = text.plist.xml; path = Info.plist; sourceTree = "<group>"; };
		E7E7BCA1224CB3980079470E /* LittleGPUImageDemoUITests.xctest */ = {isa = PBXFileReference; explicitFileType = wrapper.cfbundle; includeInIndex = 0; path = LittleGPUImageDemoUITests.xctest; sourceTree = BUILT_PRODUCTS_DIR; };
		E7E7BCA5224CB3980079470E /* LittleGPUImageDemoUITests.swift */ = {isa = PBXFileReference; lastKnownFileType = sourcecode.swift; path = LittleGPUImageDemoUITests.swift; sourceTree = "<group>"; };
		E7E7BCA7224CB3980079470E /* Info.plist */ = {isa = PBXFileReference; lastKnownFileType = text.plist.xml; path = Info.plist; sourceTree = "<group>"; };
		E7E7BCB3224CBB2B0079470E /* LGFNavgationViewController.swift */ = {isa = PBXFileReference; lastKnownFileType = sourcecode.swift; path = LGFNavgationViewController.swift; sourceTree = "<group>"; };
		E7E7BCB5224CBB520079470E /* LGFTestViewController.swift */ = {isa = PBXFileReference; lastKnownFileType = sourcecode.swift; path = LGFTestViewController.swift; sourceTree = "<group>"; };
		E7E7BCB7224CC0210079470E /* WID-small.jpg */ = {isa = PBXFileReference; lastKnownFileType = image.jpeg; path = "WID-small.jpg"; sourceTree = "<group>"; };
		E7E7BCB8224CC0210079470E /* splash.png */ = {isa = PBXFileReference; lastKnownFileType = image.png; path = splash.png; sourceTree = "<group>"; };
		E7E7BCBC224CC0340079470E /* vivid_20170620.png */ = {isa = PBXFileReference; lastKnownFileType = image.png; path = vivid_20170620.png; sourceTree = "<group>"; };
		E7E7BCBD224CC0340079470E /* crisp_20170520.png */ = {isa = PBXFileReference; lastKnownFileType = image.png; path = crisp_20170520.png; sourceTree = "<group>"; };
		E7E7BCBE224CC0340079470E /* jiari_20170928.png */ = {isa = PBXFileReference; lastKnownFileType = image.png; path = jiari_20170928.png; sourceTree = "<group>"; };
		E7E7BCBF224CC0340079470E /* xinxian_20170928.png */ = {isa = PBXFileReference; lastKnownFileType = image.png; path = xinxian_20170928.png; sourceTree = "<group>"; };
		E7E7BCC0224CC0340079470E /* sweety_20170620-2.png */ = {isa = PBXFileReference; lastKnownFileType = image.png; path = "sweety_20170620-2.png"; sourceTree = "<group>"; };
		E7E7BCC1224CC0340079470E /* tianmei_20170928.png */ = {isa = PBXFileReference; lastKnownFileType = image.png; path = tianmei_20170928.png; sourceTree = "<group>"; };
		E7E7BCC2224CC0340079470E /* vintage_20170520.png */ = {isa = PBXFileReference; lastKnownFileType = image.png; path = vintage_20170520.png; sourceTree = "<group>"; };
		E7E7BCC3224CC0340079470E /* musi_20170928.png */ = {isa = PBXFileReference; lastKnownFileType = image.png; path = musi_20170928.png; sourceTree = "<group>"; };
		E7E7BCC4224CC0340079470E /* origin_20170824.png */ = {isa = PBXFileReference; lastKnownFileType = image.png; path = origin_20170824.png; sourceTree = "<group>"; };
		E7E7BCC5224CC0340079470E /* nature_20170824.png */ = {isa = PBXFileReference; lastKnownFileType = image.png; path = nature_20170824.png; sourceTree = "<group>"; };
		E7E7BCC6224CC0340079470E /* sweety_20170620.png */ = {isa = PBXFileReference; lastKnownFileType = image.png; path = sweety_20170620.png; sourceTree = "<group>"; };
		E7E7BCC7224CC0340079470E /* lookup_amatorka.png */ = {isa = PBXFileReference; lastKnownFileType = image.png; path = lookup_amatorka.png; sourceTree = "<group>"; };
		E7E7BCC8224CC0340079470E /* clean_lookup.png */ = {isa = PBXFileReference; lastKnownFileType = image.png; path = clean_lookup.png; sourceTree = "<group>"; };
		E7E7BCC9224CC0340079470E /* beach_20170520.png */ = {isa = PBXFileReference; lastKnownFileType = image.png; path = beach_20170520.png; sourceTree = "<group>"; };
		E7E7BCCA224CC0340079470E /* coral_20170620.png */ = {isa = PBXFileReference; lastKnownFileType = image.png; path = coral_20170620.png; sourceTree = "<group>"; };
		E7E7BCCB224CC0340079470E /* meiwei_20170928.png */ = {isa = PBXFileReference; lastKnownFileType = image.png; path = meiwei_20170928.png; sourceTree = "<group>"; };
		E7E7BCCC224CC0340079470E /* bingqilin_20170928.png */ = {isa = PBXFileReference; lastKnownFileType = image.png; path = bingqilin_20170928.png; sourceTree = "<group>"; };
		E7E7BCCD224CC0340079470E /* fresh_20170620.png */ = {isa = PBXFileReference; lastKnownFileType = image.png; path = fresh_20170620.png; sourceTree = "<group>"; };
		E7E7BCCE224CC0340079470E /* lolita_20170620.png */ = {isa = PBXFileReference; lastKnownFileType = image.png; path = lolita_20170620.png; sourceTree = "<group>"; };
		E7E7BCCF224CC0340079470E /* clean_20170807.png */ = {isa = PBXFileReference; lastKnownFileType = image.png; path = clean_20170807.png; sourceTree = "<group>"; };
		E7E7BCD0224CC0340079470E /* chulian_20170928.png */ = {isa = PBXFileReference; lastKnownFileType = image.png; path = chulian_20170928.png; sourceTree = "<group>"; };
		E7E7BCD1224CC0340079470E /* jugeng_20170928.png */ = {isa = PBXFileReference; lastKnownFileType = image.png; path = jugeng_20170928.png; sourceTree = "<group>"; };
		E7E7BCD2224CC0340079470E /* kisskiss_20170620.png */ = {isa = PBXFileReference; lastKnownFileType = image.png; path = kisskiss_20170620.png; sourceTree = "<group>"; };
		E7E7BCD3224CC0340079470E /* yuanqi_20170928.png */ = {isa = PBXFileReference; lastKnownFileType = image.png; path = yuanqi_20170928.png; sourceTree = "<group>"; };
		E7E7BCD4224CC0340079470E /* pink_20170928.png */ = {isa = PBXFileReference; lastKnownFileType = image.png; path = pink_20170928.png; sourceTree = "<group>"; };
		E7E7BCD5224CC0340079470E /* makalong_20170928.png */ = {isa = PBXFileReference; lastKnownFileType = image.png; path = makalong_20170928.png; sourceTree = "<group>"; };
		E7E7BCD6224CC0340079470E /* sunset_20170620.png */ = {isa = PBXFileReference; lastKnownFileType = image.png; path = sunset_20170620.png; sourceTree = "<group>"; };
		E7E7BCD7224CC0340079470E /* yangqi_20170928.png */ = {isa = PBXFileReference; lastKnownFileType = image.png; path = yangqi_20170928.png; sourceTree = "<group>"; };
		E7E7BCD8224CC0340079470E /* grass_20170621.png */ = {isa = PBXFileReference; lastKnownFileType = image.png; path = grass_20170621.png; sourceTree = "<group>"; };
		E7E7BCD9224CC0340079470E /* urban_20170520.png */ = {isa = PBXFileReference; lastKnownFileType = image.png; path = urban_20170520.png; sourceTree = "<group>"; };
		E7E7BCDA224CC0340079470E /* glossy_20170928.png */ = {isa = PBXFileReference; lastKnownFileType = image.png; path = glossy_20170928.png; sourceTree = "<group>"; };
		E7E7BCDB224CC0340079470E /* lookup_miss_etikate.png */ = {isa = PBXFileReference; lastKnownFileType = image.png; path = lookup_miss_etikate.png; sourceTree = "<group>"; };
		E7E7BCDC224CC0340079470E /* xiaosenlin_20170928_2.png */ = {isa = PBXFileReference; lastKnownFileType = image.png; path = xiaosenlin_20170928_2.png; sourceTree = "<group>"; };
		E7E7BCFE224CC8A20079470E /* LGFCaremViewController.swift */ = {isa = PBXFileReference; lastKnownFileType = sourcecode.swift; path = LGFCaremViewController.swift; sourceTree = "<group>"; };
/* End PBXFileReference section */

/* Begin PBXFrameworksBuildPhase section */
		E7E7BC7F224CB3970079470E /* Frameworks */ = {
			isa = PBXFrameworksBuildPhase;
			buildActionMask = 2147483647;
			files = (
				A5AFB5A7CA908BE5E2EA1917 /* Pods_LittleGPUImageDemo.framework in Frameworks */,
			);
			runOnlyForDeploymentPostprocessing = 0;
		};
		E7E7BC93224CB3980079470E /* Frameworks */ = {
			isa = PBXFrameworksBuildPhase;
			buildActionMask = 2147483647;
			files = (
			);
			runOnlyForDeploymentPostprocessing = 0;
		};
		E7E7BC9E224CB3980079470E /* Frameworks */ = {
			isa = PBXFrameworksBuildPhase;
			buildActionMask = 2147483647;
			files = (
			);
			runOnlyForDeploymentPostprocessing = 0;
		};
/* End PBXFrameworksBuildPhase section */

/* Begin PBXGroup section */
		C4EEEE55FE3FF8D7C29B777A /* Pods */ = {
			isa = PBXGroup;
			children = (
				0217EB69138611F5EFF69BD3 /* Pods-LittleGPUImageDemo.debug.xcconfig */,
				2310C1D31AC5F3ED2C53963D /* Pods-LittleGPUImageDemo.release.xcconfig */,
			);
			path = Pods;
			sourceTree = "<group>";
		};
		D46100A9AAC91E150FF805C9 /* Frameworks */ = {
			isa = PBXGroup;
			children = (
				E3472763EA7CFEEA42AC3D2E /* Pods_LittleGPUImageDemo.framework */,
				125AA69036132742DFBD105F /* Pods_LittleGPUImageDemoTests.framework */,
				2FC489679126F468E2A502FB /* Pods_LittleGPUImageDemoUITests.framework */,
			);
			name = Frameworks;
			sourceTree = "<group>";
		};
		E7E7BC79224CB3970079470E = {
			isa = PBXGroup;
			children = (
				E7E7BC84224CB3970079470E /* LittleGPUImageDemo */,
				E7E7BC99224CB3980079470E /* LittleGPUImageDemoTests */,
				E7E7BCA4224CB3980079470E /* LittleGPUImageDemoUITests */,
				E7E7BC83224CB3970079470E /* Products */,
				C4EEEE55FE3FF8D7C29B777A /* Pods */,
				D46100A9AAC91E150FF805C9 /* Frameworks */,
			);
			sourceTree = "<group>";
		};
		E7E7BC83224CB3970079470E /* Products */ = {
			isa = PBXGroup;
			children = (
				E7E7BC82224CB3970079470E /* LittleGPUImageDemo.app */,
				E7E7BC96224CB3980079470E /* LittleGPUImageDemoTests.xctest */,
				E7E7BCA1224CB3980079470E /* LittleGPUImageDemoUITests.xctest */,
			);
			name = Products;
			sourceTree = "<group>";
		};
		E7E7BC84224CB3970079470E /* LittleGPUImageDemo */ = {
			isa = PBXGroup;
			children = (
				E7E7BC85224CB3970079470E /* AppDelegate.swift */,
				E7E7BC87224CB3970079470E /* LGFViewController.swift */,
				E7E7BCB3224CBB2B0079470E /* LGFNavgationViewController.swift */,
				E7E7BCB5224CBB520079470E /* LGFTestViewController.swift */,
				E7E7BCFE224CC8A20079470E /* LGFCaremViewController.swift */,
				E7E7BC8C224CB3980079470E /* Assets.xcassets */,
				E7E7BCBB224CC0340079470E /* Colors */,
				E7E7BC8E224CB3980079470E /* LaunchScreen.storyboard */,
				E7E7BCB8224CC0210079470E /* splash.png */,
				E7E7BCB7224CC0210079470E /* WID-small.jpg */,
				E7E7BC91224CB3980079470E /* Info.plist */,
			);
			path = LittleGPUImageDemo;
			sourceTree = "<group>";
		};
		E7E7BC99224CB3980079470E /* LittleGPUImageDemoTests */ = {
			isa = PBXGroup;
			children = (
				E7E7BC9A224CB3980079470E /* LittleGPUImageDemoTests.swift */,
				E7E7BC9C224CB3980079470E /* Info.plist */,
			);
			path = LittleGPUImageDemoTests;
			sourceTree = "<group>";
		};
		E7E7BCA4224CB3980079470E /* LittleGPUImageDemoUITests */ = {
			isa = PBXGroup;
			children = (
				E7E7BCA5224CB3980079470E /* LittleGPUImageDemoUITests.swift */,
				E7E7BCA7224CB3980079470E /* Info.plist */,
			);
			path = LittleGPUImageDemoUITests;
			sourceTree = "<group>";
		};
		E7E7BCBB224CC0340079470E /* Colors */ = {
			isa = PBXGroup;
			children = (
				E7E7BCBC224CC0340079470E /* vivid_20170620.png */,
				E7E7BCBD224CC0340079470E /* crisp_20170520.png */,
				E7E7BCBE224CC0340079470E /* jiari_20170928.png */,
				E7E7BCBF224CC0340079470E /* xinxian_20170928.png */,
				E7E7BCC0224CC0340079470E /* sweety_20170620-2.png */,
				E7E7BCC1224CC0340079470E /* tianmei_20170928.png */,
				E7E7BCC2224CC0340079470E /* vintage_20170520.png */,
				E7E7BCC3224CC0340079470E /* musi_20170928.png */,
				E7E7BCC4224CC0340079470E /* origin_20170824.png */,
				E7E7BCC5224CC0340079470E /* nature_20170824.png */,
				E7E7BCC6224CC0340079470E /* sweety_20170620.png */,
				E7E7BCC7224CC0340079470E /* lookup_amatorka.png */,
				E7E7BCC8224CC0340079470E /* clean_lookup.png */,
				E7E7BCC9224CC0340079470E /* beach_20170520.png */,
				E7E7BCCA224CC0340079470E /* coral_20170620.png */,
				E7E7BCCB224CC0340079470E /* meiwei_20170928.png */,
				E7E7BCCC224CC0340079470E /* bingqilin_20170928.png */,
				E7E7BCCD224CC0340079470E /* fresh_20170620.png */,
				E7E7BCCE224CC0340079470E /* lolita_20170620.png */,
				E7E7BCCF224CC0340079470E /* clean_20170807.png */,
				E7E7BCD0224CC0340079470E /* chulian_20170928.png */,
				E7E7BCD1224CC0340079470E /* jugeng_20170928.png */,
				E7E7BCD2224CC0340079470E /* kisskiss_20170620.png */,
				E7E7BCD3224CC0340079470E /* yuanqi_20170928.png */,
				E7E7BCD4224CC0340079470E /* pink_20170928.png */,
				E7E7BCD5224CC0340079470E /* makalong_20170928.png */,
				E7E7BCD6224CC0340079470E /* sunset_20170620.png */,
				E7E7BCD7224CC0340079470E /* yangqi_20170928.png */,
				E7E7BCD8224CC0340079470E /* grass_20170621.png */,
				E7E7BCD9224CC0340079470E /* urban_20170520.png */,
				E7E7BCDA224CC0340079470E /* glossy_20170928.png */,
				E7E7BCDB224CC0340079470E /* lookup_miss_etikate.png */,
				E7E7BCDC224CC0340079470E /* xiaosenlin_20170928_2.png */,
			);
			path = Colors;
			sourceTree = "<group>";
		};
/* End PBXGroup section */

/* Begin PBXNativeTarget section */
		E7E7BC81224CB3970079470E /* LittleGPUImageDemo */ = {
			isa = PBXNativeTarget;
			buildConfigurationList = E7E7BCAA224CB3980079470E /* Build configuration list for PBXNativeTarget "LittleGPUImageDemo" */;
			buildPhases = (
				6CF8C71D22D6FAF7AAE9DA92 /* [CP] Check Pods Manifest.lock */,
				E7E7BC7E224CB3970079470E /* Sources */,
				E7E7BC7F224CB3970079470E /* Frameworks */,
				E7E7BC80224CB3970079470E /* Resources */,
				B96DB384D18ECDE313080A4C /* [CP] Embed Pods Frameworks */,
			);
			buildRules = (
			);
			dependencies = (
			);
			name = LittleGPUImageDemo;
			productName = LittleGPUImageDemo;
			productReference = E7E7BC82224CB3970079470E /* LittleGPUImageDemo.app */;
			productType = "com.apple.product-type.application";
		};
		E7E7BC95224CB3980079470E /* LittleGPUImageDemoTests */ = {
			isa = PBXNativeTarget;
			buildConfigurationList = E7E7BCAD224CB3980079470E /* Build configuration list for PBXNativeTarget "LittleGPUImageDemoTests" */;
			buildPhases = (
				E7E7BC92224CB3980079470E /* Sources */,
				E7E7BC93224CB3980079470E /* Frameworks */,
				E7E7BC94224CB3980079470E /* Resources */,
			);
			buildRules = (
			);
			dependencies = (
				E7E7BC98224CB3980079470E /* PBXTargetDependency */,
			);
			name = LittleGPUImageDemoTests;
			productName = LittleGPUImageDemoTests;
			productReference = E7E7BC96224CB3980079470E /* LittleGPUImageDemoTests.xctest */;
			productType = "com.apple.product-type.bundle.unit-test";
		};
		E7E7BCA0224CB3980079470E /* LittleGPUImageDemoUITests */ = {
			isa = PBXNativeTarget;
			buildConfigurationList = E7E7BCB0224CB3980079470E /* Build configuration list for PBXNativeTarget "LittleGPUImageDemoUITests" */;
			buildPhases = (
				E7E7BC9D224CB3980079470E /* Sources */,
				E7E7BC9E224CB3980079470E /* Frameworks */,
				E7E7BC9F224CB3980079470E /* Resources */,
			);
			buildRules = (
			);
			dependencies = (
				E7E7BCA3224CB3980079470E /* PBXTargetDependency */,
			);
			name = LittleGPUImageDemoUITests;
			productName = LittleGPUImageDemoUITests;
			productReference = E7E7BCA1224CB3980079470E /* LittleGPUImageDemoUITests.xctest */;
			productType = "com.apple.product-type.bundle.ui-testing";
		};
/* End PBXNativeTarget section */

/* Begin PBXProject section */
		E7E7BC7A224CB3970079470E /* Project object */ = {
			isa = PBXProject;
			attributes = {
				LastSwiftUpdateCheck = 1010;
				LastUpgradeCheck = 1010;
				ORGANIZATIONNAME = Personal;
				TargetAttributes = {
					E7E7BC81224CB3970079470E = {
						CreatedOnToolsVersion = 10.1;
					};
					E7E7BC95224CB3980079470E = {
						CreatedOnToolsVersion = 10.1;
						TestTargetID = E7E7BC81224CB3970079470E;
					};
					E7E7BCA0224CB3980079470E = {
						CreatedOnToolsVersion = 10.1;
						TestTargetID = E7E7BC81224CB3970079470E;
					};
				};
			};
			buildConfigurationList = E7E7BC7D224CB3970079470E /* Build configuration list for PBXProject "LittleGPUImageDemo" */;
			compatibilityVersion = "Xcode 9.3";
			developmentRegion = en;
			hasScannedForEncodings = 0;
			knownRegions = (
				en,
				Base,
			);
			mainGroup = E7E7BC79224CB3970079470E;
			productRefGroup = E7E7BC83224CB3970079470E /* Products */;
			projectDirPath = "";
			projectRoot = "";
			targets = (
				E7E7BC81224CB3970079470E /* LittleGPUImageDemo */,
				E7E7BC95224CB3980079470E /* LittleGPUImageDemoTests */,
				E7E7BCA0224CB3980079470E /* LittleGPUImageDemoUITests */,
			);
		};
/* End PBXProject section */

/* Begin PBXResourcesBuildPhase section */
		E7E7BC80224CB3970079470E /* Resources */ = {
			isa = PBXResourcesBuildPhase;
			buildActionMask = 2147483647;
			files = (
				E7E7BCFB224CC0340079470E /* glossy_20170928.png in Resources */,
				E7E7BCF2224CC0340079470E /* jugeng_20170928.png in Resources */,
				E7E7BCE2224CC0340079470E /* tianmei_20170928.png in Resources */,
				E7E7BCF1224CC0340079470E /* chulian_20170928.png in Resources */,
				E7E7BCE3224CC0340079470E /* vintage_20170520.png in Resources */,
				E7E7BCEC224CC0340079470E /* meiwei_20170928.png in Resources */,
				E7E7BCE6224CC0340079470E /* nature_20170824.png in Resources */,
				E7E7BCEB224CC0340079470E /* coral_20170620.png in Resources */,
				E7E7BCBA224CC0210079470E /* splash.png in Resources */,
				E7E7BCE9224CC0340079470E /* clean_lookup.png in Resources */,
				E7E7BCF4224CC0340079470E /* yuanqi_20170928.png in Resources */,
				E7E7BCE5224CC0340079470E /* origin_20170824.png in Resources */,
				E7E7BCF8224CC0340079470E /* yangqi_20170928.png in Resources */,
				E7E7BCDD224CC0340079470E /* vivid_20170620.png in Resources */,
				E7E7BCF3224CC0340079470E /* kisskiss_20170620.png in Resources */,
				E7E7BCE0224CC0340079470E /* xinxian_20170928.png in Resources */,
				E7E7BCEE224CC0340079470E /* fresh_20170620.png in Resources */,
				E7E7BCFC224CC0340079470E /* lookup_miss_etikate.png in Resources */,
				E7E7BCDE224CC0340079470E /* crisp_20170520.png in Resources */,
				E7E7BCB9224CC0210079470E /* WID-small.jpg in Resources */,
				E7E7BC90224CB3980079470E /* LaunchScreen.storyboard in Resources */,
				E7E7BCEF224CC0340079470E /* lolita_20170620.png in Resources */,
				E7E7BCFD224CC0340079470E /* xiaosenlin_20170928_2.png in Resources */,
				E7E7BCE7224CC0340079470E /* sweety_20170620.png in Resources */,
				E7E7BCF5224CC0340079470E /* pink_20170928.png in Resources */,
				E7E7BCF7224CC0340079470E /* sunset_20170620.png in Resources */,
				E7E7BCFA224CC0340079470E /* urban_20170520.png in Resources */,
				E7E7BCF0224CC0340079470E /* clean_20170807.png in Resources */,
				E7E7BCE1224CC0340079470E /* sweety_20170620-2.png in Resources */,
				E7E7BC8D224CB3980079470E /* Assets.xcassets in Resources */,
				E7E7BCF6224CC0340079470E /* makalong_20170928.png in Resources */,
				E7E7BCE4224CC0340079470E /* musi_20170928.png in Resources */,
				E7E7BCDF224CC0340079470E /* jiari_20170928.png in Resources */,
				E7E7BCEA224CC0340079470E /* beach_20170520.png in Resources */,
				E7E7BCED224CC0340079470E /* bingqilin_20170928.png in Resources */,
				E7E7BCF9224CC0340079470E /* grass_20170621.png in Resources */,
				E7E7BCE8224CC0340079470E /* lookup_amatorka.png in Resources */,
			);
			runOnlyForDeploymentPostprocessing = 0;
		};
		E7E7BC94224CB3980079470E /* Resources */ = {
			isa = PBXResourcesBuildPhase;
			buildActionMask = 2147483647;
			files = (
			);
			runOnlyForDeploymentPostprocessing = 0;
		};
		E7E7BC9F224CB3980079470E /* Resources */ = {
			isa = PBXResourcesBuildPhase;
			buildActionMask = 2147483647;
			files = (
			);
			runOnlyForDeploymentPostprocessing = 0;
		};
/* End PBXResourcesBuildPhase section */

/* Begin PBXShellScriptBuildPhase section */
		6CF8C71D22D6FAF7AAE9DA92 /* [CP] Check Pods Manifest.lock */ = {
			isa = PBXShellScriptBuildPhase;
			buildActionMask = 2147483647;
			files = (
			);
			inputFileListPaths = (
			);
			inputPaths = (
				"${PODS_PODFILE_DIR_PATH}/Podfile.lock",
				"${PODS_ROOT}/Manifest.lock",
			);
			name = "[CP] Check Pods Manifest.lock";
			outputFileListPaths = (
			);
			outputPaths = (
				"$(DERIVED_FILE_DIR)/Pods-LittleGPUImageDemo-checkManifestLockResult.txt",
			);
			runOnlyForDeploymentPostprocessing = 0;
			shellPath = /bin/sh;
			shellScript = "diff \"${PODS_PODFILE_DIR_PATH}/Podfile.lock\" \"${PODS_ROOT}/Manifest.lock\" > /dev/null\nif [ $? != 0 ] ; then\n    # print error to STDERR\n    echo \"error: The sandbox is not in sync with the Podfile.lock. Run 'pod install' or update your CocoaPods installation.\" >&2\n    exit 1\nfi\n# This output is used by Xcode 'outputs' to avoid re-running this script phase.\necho \"SUCCESS\" > \"${SCRIPT_OUTPUT_FILE_0}\"\n";
			showEnvVarsInLog = 0;
		};
		B96DB384D18ECDE313080A4C /* [CP] Embed Pods Frameworks */ = {
			isa = PBXShellScriptBuildPhase;
			buildActionMask = 2147483647;
			files = (
			);
			inputFileListPaths = (
			);
			inputPaths = (
				"${PODS_ROOT}/Target Support Files/Pods-LittleGPUImageDemo/Pods-LittleGPUImageDemo-frameworks.sh",
				"${BUILT_PRODUCTS_DIR}/EVGPUImage2/EVGPUImage2.framework",
			);
			name = "[CP] Embed Pods Frameworks";
			outputFileListPaths = (
			);
			outputPaths = (
				"${TARGET_BUILD_DIR}/${FRAMEWORKS_FOLDER_PATH}/EVGPUImage2.framework",
			);
			runOnlyForDeploymentPostprocessing = 0;
			shellPath = /bin/sh;
			shellScript = "\"${PODS_ROOT}/Target Support Files/Pods-LittleGPUImageDemo/Pods-LittleGPUImageDemo-frameworks.sh\"\n";
			showEnvVarsInLog = 0;
		};
/* End PBXShellScriptBuildPhase section */

/* Begin PBXSourcesBuildPhase section */
		E7E7BC7E224CB3970079470E /* Sources */ = {
			isa = PBXSourcesBuildPhase;
			buildActionMask = 2147483647;
			files = (
				E7E7BC88224CB3970079470E /* LGFViewController.swift in Sources */,
				E7E7BCFF224CC8A20079470E /* LGFCaremViewController.swift in Sources */,
				E7E7BCB4224CBB2B0079470E /* LGFNavgationViewController.swift in Sources */,
				E7E7BCB6224CBB520079470E /* LGFTestViewController.swift in Sources */,
				E7E7BC86224CB3970079470E /* AppDelegate.swift in Sources */,
			);
			runOnlyForDeploymentPostprocessing = 0;
		};
		E7E7BC92224CB3980079470E /* Sources */ = {
			isa = PBXSourcesBuildPhase;
			buildActionMask = 2147483647;
			files = (
				E7E7BC9B224CB3980079470E /* LittleGPUImageDemoTests.swift in Sources */,
			);
			runOnlyForDeploymentPostprocessing = 0;
		};
		E7E7BC9D224CB3980079470E /* Sources */ = {
			isa = PBXSourcesBuildPhase;
			buildActionMask = 2147483647;
			files = (
				E7E7BCA6224CB3980079470E /* LittleGPUImageDemoUITests.swift in Sources */,
			);
			runOnlyForDeploymentPostprocessing = 0;
		};
/* End PBXSourcesBuildPhase section */

/* Begin PBXTargetDependency section */
		E7E7BC98224CB3980079470E /* PBXTargetDependency */ = {
			isa = PBXTargetDependency;
			target = E7E7BC81224CB3970079470E /* LittleGPUImageDemo */;
			targetProxy = E7E7BC97224CB3980079470E /* PBXContainerItemProxy */;
		};
		E7E7BCA3224CB3980079470E /* PBXTargetDependency */ = {
			isa = PBXTargetDependency;
			target = E7E7BC81224CB3970079470E /* LittleGPUImageDemo */;
			targetProxy = E7E7BCA2224CB3980079470E /* PBXContainerItemProxy */;
		};
/* End PBXTargetDependency section */

/* Begin PBXVariantGroup section */
		E7E7BC8E224CB3980079470E /* LaunchScreen.storyboard */ = {
			isa = PBXVariantGroup;
			children = (
				E7E7BC8F224CB3980079470E /* Base */,
			);
			name = LaunchScreen.storyboard;
			sourceTree = "<group>";
		};
/* End PBXVariantGroup section */

/* Begin XCBuildConfiguration section */
		E7E7BCA8224CB3980079470E /* Debug */ = {
			isa = XCBuildConfiguration;
			buildSettings = {
				ALWAYS_SEARCH_USER_PATHS = NO;
				CLANG_ANALYZER_NONNULL = YES;
				CLANG_ANALYZER_NUMBER_OBJECT_CONVERSION = YES_AGGRESSIVE;
				CLANG_CXX_LANGUAGE_STANDARD = "gnu++14";
				CLANG_CXX_LIBRARY = "libc++";
				CLANG_ENABLE_MODULES = YES;
				CLANG_ENABLE_OBJC_ARC = YES;
				CLANG_ENABLE_OBJC_WEAK = YES;
				CLANG_WARN_BLOCK_CAPTURE_AUTORELEASING = YES;
				CLANG_WARN_BOOL_CONVERSION = YES;
				CLANG_WARN_COMMA = YES;
				CLANG_WARN_CONSTANT_CONVERSION = YES;
				CLANG_WARN_DEPRECATED_OBJC_IMPLEMENTATIONS = YES;
				CLANG_WARN_DIRECT_OBJC_ISA_USAGE = YES_ERROR;
				CLANG_WARN_DOCUMENTATION_COMMENTS = YES;
				CLANG_WARN_EMPTY_BODY = YES;
				CLANG_WARN_ENUM_CONVERSION = YES;
				CLANG_WARN_INFINITE_RECURSION = YES;
				CLANG_WARN_INT_CONVERSION = YES;
				CLANG_WARN_NON_LITERAL_NULL_CONVERSION = YES;
				CLANG_WARN_OBJC_IMPLICIT_RETAIN_SELF = YES;
				CLANG_WARN_OBJC_LITERAL_CONVERSION = YES;
				CLANG_WARN_OBJC_ROOT_CLASS = YES_ERROR;
				CLANG_WARN_RANGE_LOOP_ANALYSIS = YES;
				CLANG_WARN_STRICT_PROTOTYPES = YES;
				CLANG_WARN_SUSPICIOUS_MOVE = YES;
				CLANG_WARN_UNGUARDED_AVAILABILITY = YES_AGGRESSIVE;
				CLANG_WARN_UNREACHABLE_CODE = YES;
				CLANG_WARN__DUPLICATE_METHOD_MATCH = YES;
				CODE_SIGN_IDENTITY = "iPhone Developer";
				COPY_PHASE_STRIP = NO;
				DEBUG_INFORMATION_FORMAT = dwarf;
				ENABLE_STRICT_OBJC_MSGSEND = YES;
				ENABLE_TESTABILITY = YES;
				GCC_C_LANGUAGE_STANDARD = gnu11;
				GCC_DYNAMIC_NO_PIC = NO;
				GCC_NO_COMMON_BLOCKS = YES;
				GCC_OPTIMIZATION_LEVEL = 0;
				GCC_PREPROCESSOR_DEFINITIONS = (
					"DEBUG=1",
					"$(inherited)",
				);
				GCC_WARN_64_TO_32_BIT_CONVERSION = YES;
				GCC_WARN_ABOUT_RETURN_TYPE = YES_ERROR;
				GCC_WARN_UNDECLARED_SELECTOR = YES;
				GCC_WARN_UNINITIALIZED_AUTOS = YES_AGGRESSIVE;
				GCC_WARN_UNUSED_FUNCTION = YES;
				GCC_WARN_UNUSED_VARIABLE = YES;
				IPHONEOS_DEPLOYMENT_TARGET = 12.1;
				MTL_ENABLE_DEBUG_INFO = INCLUDE_SOURCE;
				MTL_FAST_MATH = YES;
				ONLY_ACTIVE_ARCH = YES;
				SDKROOT = iphoneos;
				SWIFT_ACTIVE_COMPILATION_CONDITIONS = DEBUG;
				SWIFT_OPTIMIZATION_LEVEL = "-Onone";
			};
			name = Debug;
		};
		E7E7BCA9224CB3980079470E /* Release */ = {
			isa = XCBuildConfiguration;
			buildSettings = {
				ALWAYS_SEARCH_USER_PATHS = NO;
				CLANG_ANALYZER_NONNULL = YES;
				CLANG_ANALYZER_NUMBER_OBJECT_CONVERSION = YES_AGGRESSIVE;
				CLANG_CXX_LANGUAGE_STANDARD = "gnu++14";
				CLANG_CXX_LIBRARY = "libc++";
				CLANG_ENABLE_MODULES = YES;
				CLANG_ENABLE_OBJC_ARC = YES;
				CLANG_ENABLE_OBJC_WEAK = YES;
				CLANG_WARN_BLOCK_CAPTURE_AUTORELEASING = YES;
				CLANG_WARN_BOOL_CONVERSION = YES;
				CLANG_WARN_COMMA = YES;
				CLANG_WARN_CONSTANT_CONVERSION = YES;
				CLANG_WARN_DEPRECATED_OBJC_IMPLEMENTATIONS = YES;
				CLANG_WARN_DIRECT_OBJC_ISA_USAGE = YES_ERROR;
				CLANG_WARN_DOCUMENTATION_COMMENTS = YES;
				CLANG_WARN_EMPTY_BODY = YES;
				CLANG_WARN_ENUM_CONVERSION = YES;
				CLANG_WARN_INFINITE_RECURSION = YES;
				CLANG_WARN_INT_CONVERSION = YES;
				CLANG_WARN_NON_LITERAL_NULL_CONVERSION = YES;
				CLANG_WARN_OBJC_IMPLICIT_RETAIN_SELF = YES;
				CLANG_WARN_OBJC_LITERAL_CONVERSION = YES;
				CLANG_WARN_OBJC_ROOT_CLASS = YES_ERROR;
				CLANG_WARN_RANGE_LOOP_ANALYSIS = YES;
				CLANG_WARN_STRICT_PROTOTYPES = YES;
				CLANG_WARN_SUSPICIOUS_MOVE = YES;
				CLANG_WARN_UNGUARDED_AVAILABILITY = YES_AGGRESSIVE;
				CLANG_WARN_UNREACHABLE_CODE = YES;
				CLANG_WARN__DUPLICATE_METHOD_MATCH = YES;
				CODE_SIGN_IDENTITY = "iPhone Developer";
				COPY_PHASE_STRIP = NO;
				DEBUG_INFORMATION_FORMAT = "dwarf-with-dsym";
				ENABLE_NS_ASSERTIONS = NO;
				ENABLE_STRICT_OBJC_MSGSEND = YES;
				GCC_C_LANGUAGE_STANDARD = gnu11;
				GCC_NO_COMMON_BLOCKS = YES;
				GCC_WARN_64_TO_32_BIT_CONVERSION = YES;
				GCC_WARN_ABOUT_RETURN_TYPE = YES_ERROR;
				GCC_WARN_UNDECLARED_SELECTOR = YES;
				GCC_WARN_UNINITIALIZED_AUTOS = YES_AGGRESSIVE;
				GCC_WARN_UNUSED_FUNCTION = YES;
				GCC_WARN_UNUSED_VARIABLE = YES;
				IPHONEOS_DEPLOYMENT_TARGET = 12.1;
				MTL_ENABLE_DEBUG_INFO = NO;
				MTL_FAST_MATH = YES;
				SDKROOT = iphoneos;
				SWIFT_COMPILATION_MODE = wholemodule;
				SWIFT_OPTIMIZATION_LEVEL = "-O";
				VALIDATE_PRODUCT = YES;
			};
			name = Release;
		};
		E7E7BCAB224CB3980079470E /* Debug */ = {
			isa = XCBuildConfiguration;
			baseConfigurationReference = 0217EB69138611F5EFF69BD3 /* Pods-LittleGPUImageDemo.debug.xcconfig */;
			buildSettings = {
				ASSETCATALOG_COMPILER_APPICON_NAME = AppIcon;
				CODE_SIGN_STYLE = Automatic;
				DEVELOPMENT_TEAM = 89LAKJ7LBL;
				INFOPLIST_FILE = LittleGPUImageDemo/Info.plist;
				IPHONEOS_DEPLOYMENT_TARGET = 9.0;
				LD_RUNPATH_SEARCH_PATHS = (
					"$(inherited)",
					"@executable_path/Frameworks",
				);
				PRODUCT_BUNDLE_IDENTIFIER = com.personal.lgf.LittleGPUImageDemo;
				PRODUCT_NAME = "$(TARGET_NAME)";
				SWIFT_VERSION = 4.2;
				TARGETED_DEVICE_FAMILY = "1,2";
			};
			name = Debug;
		};
		E7E7BCAC224CB3980079470E /* Release */ = {
			isa = XCBuildConfiguration;
			baseConfigurationReference = 2310C1D31AC5F3ED2C53963D /* Pods-LittleGPUImageDemo.release.xcconfig */;
			buildSettings = {
				ASSETCATALOG_COMPILER_APPICON_NAME = AppIcon;
				CODE_SIGN_STYLE = Automatic;
				DEVELOPMENT_TEAM = 89LAKJ7LBL;
				INFOPLIST_FILE = LittleGPUImageDemo/Info.plist;
				IPHONEOS_DEPLOYMENT_TARGET = 9.0;
				LD_RUNPATH_SEARCH_PATHS = (
					"$(inherited)",
					"@executable_path/Frameworks",
				);
				PRODUCT_BUNDLE_IDENTIFIER = com.personal.lgf.LittleGPUImageDemo;
				PRODUCT_NAME = "$(TARGET_NAME)";
				SWIFT_VERSION = 4.2;
				TARGETED_DEVICE_FAMILY = "1,2";
			};
			name = Release;
		};
		E7E7BCAE224CB3980079470E /* Debug */ = {
			isa = XCBuildConfiguration;
			buildSettings = {
				ALWAYS_EMBED_SWIFT_STANDARD_LIBRARIES = YES;
				BUNDLE_LOADER = "$(TEST_HOST)";
				CODE_SIGN_STYLE = Automatic;
				INFOPLIST_FILE = LittleGPUImageDemoTests/Info.plist;
				LD_RUNPATH_SEARCH_PATHS = (
					"$(inherited)",
					"@executable_path/Frameworks",
					"@loader_path/Frameworks",
				);
				PRODUCT_BUNDLE_IDENTIFIER = com.personal.lgf.LittleGPUImageDemoTests;
				PRODUCT_NAME = "$(TARGET_NAME)";
				SWIFT_VERSION = 4.2;
				TARGETED_DEVICE_FAMILY = "1,2";
				TEST_HOST = "$(BUILT_PRODUCTS_DIR)/LittleGPUImageDemo.app/LittleGPUImageDemo";
			};
			name = Debug;
		};
		E7E7BCAF224CB3980079470E /* Release */ = {
			isa = XCBuildConfiguration;
			buildSettings = {
				ALWAYS_EMBED_SWIFT_STANDARD_LIBRARIES = YES;
				BUNDLE_LOADER = "$(TEST_HOST)";
				CODE_SIGN_STYLE = Automatic;
				INFOPLIST_FILE = LittleGPUImageDemoTests/Info.plist;
				LD_RUNPATH_SEARCH_PATHS = (
					"$(inherited)",
					"@executable_path/Frameworks",
					"@loader_path/Frameworks",
				);
				PRODUCT_BUNDLE_IDENTIFIER = com.personal.lgf.LittleGPUImageDemoTests;
				PRODUCT_NAME = "$(TARGET_NAME)";
				SWIFT_VERSION = 4.2;
				TARGETED_DEVICE_FAMILY = "1,2";
				TEST_HOST = "$(BUILT_PRODUCTS_DIR)/LittleGPUImageDemo.app/LittleGPUImageDemo";
			};
			name = Release;
		};
		E7E7BCB1224CB3980079470E /* Debug */ = {
			isa = XCBuildConfiguration;
			buildSettings = {
				ALWAYS_EMBED_SWIFT_STANDARD_LIBRARIES = YES;
				CODE_SIGN_STYLE = Automatic;
				INFOPLIST_FILE = LittleGPUImageDemoUITests/Info.plist;
				LD_RUNPATH_SEARCH_PATHS = (
					"$(inherited)",
					"@executable_path/Frameworks",
					"@loader_path/Frameworks",
				);
				PRODUCT_BUNDLE_IDENTIFIER = com.personal.lgf.LittleGPUImageDemoUITests;
				PRODUCT_NAME = "$(TARGET_NAME)";
				SWIFT_VERSION = 4.2;
				TARGETED_DEVICE_FAMILY = "1,2";
				TEST_TARGET_NAME = LittleGPUImageDemo;
			};
			name = Debug;
		};
		E7E7BCB2224CB3980079470E /* Release */ = {
			isa = XCBuildConfiguration;
			buildSettings = {
				ALWAYS_EMBED_SWIFT_STANDARD_LIBRARIES = YES;
				CODE_SIGN_STYLE = Automatic;
				INFOPLIST_FILE = LittleGPUImageDemoUITests/Info.plist;
				LD_RUNPATH_SEARCH_PATHS = (
					"$(inherited)",
					"@executable_path/Frameworks",
					"@loader_path/Frameworks",
				);
				PRODUCT_BUNDLE_IDENTIFIER = com.personal.lgf.LittleGPUImageDemoUITests;
				PRODUCT_NAME = "$(TARGET_NAME)";
				SWIFT_VERSION = 4.2;
				TARGETED_DEVICE_FAMILY = "1,2";
				TEST_TARGET_NAME = LittleGPUImageDemo;
			};
			name = Release;
		};
/* End XCBuildConfiguration section */

/* Begin XCConfigurationList section */
		E7E7BC7D224CB3970079470E /* Build configuration list for PBXProject "LittleGPUImageDemo" */ = {
			isa = XCConfigurationList;
			buildConfigurations = (
				E7E7BCA8224CB3980079470E /* Debug */,
				E7E7BCA9224CB3980079470E /* Release */,
			);
			defaultConfigurationIsVisible = 0;
			defaultConfigurationName = Release;
		};
		E7E7BCAA224CB3980079470E /* Build configuration list for PBXNativeTarget "LittleGPUImageDemo" */ = {
			isa = XCConfigurationList;
			buildConfigurations = (
				E7E7BCAB224CB3980079470E /* Debug */,
				E7E7BCAC224CB3980079470E /* Release */,
			);
			defaultConfigurationIsVisible = 0;
			defaultConfigurationName = Release;
		};
		E7E7BCAD224CB3980079470E /* Build configuration list for PBXNativeTarget "LittleGPUImageDemoTests" */ = {
			isa = XCConfigurationList;
			buildConfigurations = (
				E7E7BCAE224CB3980079470E /* Debug */,
				E7E7BCAF224CB3980079470E /* Release */,
			);
			defaultConfigurationIsVisible = 0;
			defaultConfigurationName = Release;
		};
		E7E7BCB0224CB3980079470E /* Build configuration list for PBXNativeTarget "LittleGPUImageDemoUITests" */ = {
			isa = XCConfigurationList;
			buildConfigurations = (
				E7E7BCB1224CB3980079470E /* Debug */,
				E7E7BCB2224CB3980079470E /* Release */,
			);
			defaultConfigurationIsVisible = 0;
			defaultConfigurationName = Release;
		};
/* End XCConfigurationList section */
	};
	rootObject = E7E7BC7A224CB3970079470E /* Project object */;
}
